
Microsoft Visual Studio Solution File, Format Version 12.00
# Visual Studio Version 16
VisualStudioVersion = 16.0.30523.141
MinimumVisualStudioVersion = 10.0.40219.1
Project("{FAE04EC0-301F-11D3-BF4B-00C04F79EFBC}") = "16_methods", "17_methods\16_methods.csproj", "{E1965A51-E0DD-439C-AC54-BADDBD3B520A}"
EndProject
Project("{FAE04EC0-301F-11D3-BF4B-00C04F79EFBC}") = "19_Classes", "19_Classes\19_Classes.csproj", "{229978CA-7F86-442B-BF35-CDF6BAB31CF0}"
EndProject
Project("{FAE04EC0-301F-11D3-BF4B-00C04F79EFBC}") = "20_Static", "20_Static\20_Static.csproj", "{6513F775-30D3-4430-B3EB-D36451653FC9}"
EndProject
Project("{FAE04EC0-301F-11D3-BF4B-00C04F79EFBC}") = "21_Inheritance", "21_Inheritance\21_Inheritance.csproj", "{2BD0C813-9652-47D7-B467-DFE0A235752F}"
EndProject
Project("{FAE04EC0-301F-11D3-BF4B-00C04F79EFBC}") = "26_WhyProperties", "26_WhyProperties\26_WhyProperties.csproj", "{38B0F62F-42D5-48BA-8F56-270363DA27EC}"
EndProject
Project("{FAE04EC0-301F-11D3-BF4B-00C04F79EFBC}") = "27_Properties", "27_Properties\27_Properties.csproj", "{28E68155-CBC4-4B4C-A8CB-7733ECA65560}"
EndProject
Project("{FAE04EC0-301F-11D3-BF4B-00C04F79EFBC}") = "31_ExplicitInterfaces", "31_ExplicitInterfaces\31_ExplicitInterfaces.csproj", "{26A08DBA-BE2A-43BE-9922-EBD2301CD633}"
EndProject
Project("{FAE04EC0-301F-11D3-BF4B-00C04F79EFBC}") = "36_Delegates", "36_Delegates\36_Delegates.csproj", "{C8DECAA3-362A-4E0C-88B2-EC5041259F7B}"
EndProject
Project("{FAE04EC0-301F-11D3-BF4B-00C04F79EFBC}") = "37_DelegatesUsage", "37_DelegatesUsage\37_DelegatesUsage.csproj", "{E3E9C176-36E1-4E16-AC72-65CEF8601DBA}"
EndProject
Project("{FAE04EC0-301F-11D3-BF4B-00C04F79EFBC}") = "39_MulticastDelegates", "39_MulticastDelegates\39_MulticastDelegates.csproj", "{CC0D04CF-22AF-45E9-804A-1D4D496A3E4F}"
EndProject
Global
	GlobalSection(SolutionConfigurationPlatforms) = preSolution
		Debug|Any CPU = Debug|Any CPU
		Release|Any CPU = Release|Any CPU
	EndGlobalSection
	GlobalSection(ProjectConfigurationPlatforms) = postSolution
		{E1965A51-E0DD-439C-AC54-BADDBD3B520A}.Debug|Any CPU.ActiveCfg = Debug|Any CPU
		{E1965A51-E0DD-439C-AC54-BADDBD3B520A}.Debug|Any CPU.Build.0 = Debug|Any CPU
		{E1965A51-E0DD-439C-AC54-BADDBD3B520A}.Release|Any CPU.ActiveCfg = Release|Any CPU
		{E1965A51-E0DD-439C-AC54-BADDBD3B520A}.Release|Any CPU.Build.0 = Release|Any CPU
		{229978CA-7F86-442B-BF35-CDF6BAB31CF0}.Debug|Any CPU.ActiveCfg = Debug|Any CPU
		{229978CA-7F86-442B-BF35-CDF6BAB31CF0}.Debug|Any CPU.Build.0 = Debug|Any CPU
		{229978CA-7F86-442B-BF35-CDF6BAB31CF0}.Release|Any CPU.ActiveCfg = Release|Any CPU
		{229978CA-7F86-442B-BF35-CDF6BAB31CF0}.Release|Any CPU.Build.0 = Release|Any CPU
		{6513F775-30D3-4430-B3EB-D36451653FC9}.Debug|Any CPU.ActiveCfg = Debug|Any CPU
		{6513F775-30D3-4430-B3EB-D36451653FC9}.Debug|Any CPU.Build.0 = Debug|Any CPU
		{6513F775-30D3-4430-B3EB-D36451653FC9}.Release|Any CPU.ActiveCfg = Release|Any CPU
		{6513F775-30D3-4430-B3EB-D36451653FC9}.Release|Any CPU.Build.0 = Release|Any CPU
		{2BD0C813-9652-47D7-B467-DFE0A235752F}.Debug|Any CPU.ActiveCfg = Debug|Any CPU
		{2BD0C813-9652-47D7-B467-DFE0A235752F}.Debug|Any CPU.Build.0 = Debug|Any CPU
		{2BD0C813-9652-47D7-B467-DFE0A235752F}.Release|Any CPU.ActiveCfg = Release|Any CPU
		{2BD0C813-9652-47D7-B467-DFE0A235752F}.Release|Any CPU.Build.0 = Release|Any CPU
		{38B0F62F-42D5-48BA-8F56-270363DA27EC}.Debug|Any CPU.ActiveCfg = Debug|Any CPU
		{38B0F62F-42D5-48BA-8F56-270363DA27EC}.Debug|Any CPU.Build.0 = Debug|Any CPU
		{38B0F62F-42D5-48BA-8F56-270363DA27EC}.Release|Any CPU.ActiveCfg = Release|Any CPU
		{38B0F62F-42D5-48BA-8F56-270363DA27EC}.Release|Any CPU.Build.0 = Release|Any CPU
		{28E68155-CBC4-4B4C-A8CB-7733ECA65560}.Debug|Any CPU.ActiveCfg = Debug|Any CPU
		{28E68155-CBC4-4B4C-A8CB-7733ECA65560}.Debug|Any CPU.Build.0 = Debug|Any CPU
		{28E68155-CBC4-4B4C-A8CB-7733ECA65560}.Release|Any CPU.ActiveCfg = Release|Any CPU
		{28E68155-CBC4-4B4C-A8CB-7733ECA65560}.Release|Any CPU.Build.0 = Release|Any CPU
		{26A08DBA-BE2A-43BE-9922-EBD2301CD633}.Debug|Any CPU.ActiveCfg = Debug|Any CPU
		{26A08DBA-BE2A-43BE-9922-EBD2301CD633}.Debug|Any CPU.Build.0 = Debug|Any CPU
		{26A08DBA-BE2A-43BE-9922-EBD2301CD633}.Release|Any CPU.ActiveCfg = Release|Any CPU
		{26A08DBA-BE2A-43BE-9922-EBD2301CD633}.Release|Any CPU.Build.0 = Release|Any CPU
		{C8DECAA3-362A-4E0C-88B2-EC5041259F7B}.Debug|Any CPU.ActiveCfg = Debug|Any CPU
		{C8DECAA3-362A-4E0C-88B2-EC5041259F7B}.Debug|Any CPU.Build.0 = Debug|Any CPU
		{C8DECAA3-362A-4E0C-88B2-EC5041259F7B}.Release|Any CPU.ActiveCfg = Release|Any CPU
		{C8DECAA3-362A-4E0C-88B2-EC5041259F7B}.Release|Any CPU.Build.0 = Release|Any CPU
		{E3E9C176-36E1-4E16-AC72-65CEF8601DBA}.Debug|Any CPU.ActiveCfg = Debug|Any CPU
		{E3E9C176-36E1-4E16-AC72-65CEF8601DBA}.Debug|Any CPU.Build.0 = Debug|Any CPU
		{E3E9C176-36E1-4E16-AC72-65CEF8601DBA}.Release|Any CPU.ActiveCfg = Release|Any CPU
		{E3E9C176-36E1-4E16-AC72-65CEF8601DBA}.Release|Any CPU.Build.0 = Release|Any CPU
		{CC0D04CF-22AF-45E9-804A-1D4D496A3E4F}.Debug|Any CPU.ActiveCfg = Debug|Any CPU
		{CC0D04CF-22AF-45E9-804A-1D4D496A3E4F}.Debug|Any CPU.Build.0 = Debug|Any CPU
		{CC0D04CF-22AF-45E9-804A-1D4D496A3E4F}.Release|Any CPU.ActiveCfg = Release|Any CPU
		{CC0D04CF-22AF-45E9-804A-1D4D496A3E4F}.Release|Any CPU.Build.0 = Release|Any CPU
	EndGlobalSection
	GlobalSection(SolutionProperties) = preSolution
		HideSolutionNode = FALSE
	EndGlobalSection
	GlobalSection(ExtensibilityGlobals) = postSolution
		SolutionGuid = {FF0F9D4A-C897-4F4E-A763-94A642DC4173}
	EndGlobalSection
EndGlobal
