
Microsoft Visual Studio Solution File, Format Version 12.00
# Visual Studio Version 16
VisualStudioVersion = 16.0.30523.141
MinimumVisualStudioVersion = 10.0.40219.1
Project("{FAE04EC0-301F-11D3-BF4B-00C04F79EFBC}") = "16_methods", "17_methods\16_methods.csproj", "{E1965A51-E0DD-439C-AC54-BADDBD3B520A}"
EndProject
Project("{FAE04EC0-301F-11D3-BF4B-00C04F79EFBC}") = "19_Classes", "19_Classes\19_Classes.csproj", "{229978CA-7F86-442B-BF35-CDF6BAB31CF0}"
EndProject
Project("{FAE04EC0-301F-11D3-BF4B-00C04F79EFBC}") = "20_Static", "20_Static\20_Static.csproj", "{6513F775-30D3-4430-B3EB-D36451653FC9}"
EndProject
Project("{FAE04EC0-301F-11D3-BF4B-00C04F79EFBC}") = "21_Inheritance", "21_Inheritance\21_Inheritance.csproj", "{2BD0C813-9652-47D7-B467-DFE0A235752F}"
EndProject
Project("{FAE04EC0-301F-11D3-BF4B-00C04F79EFBC}") = "23_Polymorphism", "23_Polymorphism\23_Polymorphism.csproj", "{B47A7A59-A395-4601-AEAF-02C62C686C26}"
EndProject
Global
	GlobalSection(SolutionConfigurationPlatforms) = preSolution
		Debug|Any CPU = Debug|Any CPU
		Release|Any CPU = Release|Any CPU
	EndGlobalSection
	GlobalSection(ProjectConfigurationPlatforms) = postSolution
		{E1965A51-E0DD-439C-AC54-BADDBD3B520A}.Debug|Any CPU.ActiveCfg = Debug|Any CPU
		{E1965A51-E0DD-439C-AC54-BADDBD3B520A}.Debug|Any CPU.Build.0 = Debug|Any CPU
		{E1965A51-E0DD-439C-AC54-BADDBD3B520A}.Release|Any CPU.ActiveCfg = Release|Any CPU
		{E1965A51-E0DD-439C-AC54-BADDBD3B520A}.Release|Any CPU.Build.0 = Release|Any CPU
		{229978CA-7F86-442B-BF35-CDF6BAB31CF0}.Debug|Any CPU.ActiveCfg = Debug|Any CPU
		{229978CA-7F86-442B-BF35-CDF6BAB31CF0}.Debug|Any CPU.Build.0 = Debug|Any CPU
		{229978CA-7F86-442B-BF35-CDF6BAB31CF0}.Release|Any CPU.ActiveCfg = Release|Any CPU
		{229978CA-7F86-442B-BF35-CDF6BAB31CF0}.Release|Any CPU.Build.0 = Release|Any CPU
		{6513F775-30D3-4430-B3EB-D36451653FC9}.Debug|Any CPU.ActiveCfg = Debug|Any CPU
		{6513F775-30D3-4430-B3EB-D36451653FC9}.Debug|Any CPU.Build.0 = Debug|Any CPU
		{6513F775-30D3-4430-B3EB-D36451653FC9}.Release|Any CPU.ActiveCfg = Release|Any CPU
		{6513F775-30D3-4430-B3EB-D36451653FC9}.Release|Any CPU.Build.0 = Release|Any CPU
		{2BD0C813-9652-47D7-B467-DFE0A235752F}.Debug|Any CPU.ActiveCfg = Debug|Any CPU
		{2BD0C813-9652-47D7-B467-DFE0A235752F}.Debug|Any CPU.Build.0 = Debug|Any CPU
		{2BD0C813-9652-47D7-B467-DFE0A235752F}.Release|Any CPU.ActiveCfg = Release|Any CPU
		{2BD0C813-9652-47D7-B467-DFE0A235752F}.Release|Any CPU.Build.0 = Release|Any CPU
		{B47A7A59-A395-4601-AEAF-02C62C686C26}.Debug|Any CPU.ActiveCfg = Debug|Any CPU
		{B47A7A59-A395-4601-AEAF-02C62C686C26}.Debug|Any CPU.Build.0 = Debug|Any CPU
		{B47A7A59-A395-4601-AEAF-02C62C686C26}.Release|Any CPU.ActiveCfg = Release|Any CPU
		{B47A7A59-A395-4601-AEAF-02C62C686C26}.Release|Any CPU.Build.0 = Release|Any CPU
	EndGlobalSection
	GlobalSection(SolutionProperties) = preSolution
		HideSolutionNode = FALSE
	EndGlobalSection
	GlobalSection(ExtensibilityGlobals) = postSolution
		SolutionGuid = {FF0F9D4A-C897-4F4E-A763-94A642DC4173}
	EndGlobalSection
EndGlobal
